
Microsoft Visual Studio Solution File, Format Version 12.00
# Visual Studio Version 17
VisualStudioVersion = 17.5.33516.290
MinimumVisualStudioVersion = 10.0.40219.1
Project("{9A19103F-16F7-4668-BE54-9A1E7A4F7556}") = "OMSC-MPC CANTEEN", "OMSC-MPC CANTEEN\OMSC-MPC CANTEEN.csproj", "{9986974E-9ECE-47E1-A175-9F66F7C97896}"
EndProject
Project("{54435603-DBB4-11D2-8724-00A0C9A8B90C}") = "OMSC CANTEEN", "OMSC CANTEEN\OMSC CANTEEN.vdproj", "{D2A220A1-F641-4B77-A77B-4E149CCE02C0}"
EndProject
Global
	GlobalSection(SolutionConfigurationPlatforms) = preSolution
		Debug|Any CPU = Debug|Any CPU
		Release|Any CPU = Release|Any CPU
	EndGlobalSection
	GlobalSection(ProjectConfigurationPlatforms) = postSolution
		{9986974E-9ECE-47E1-A175-9F66F7C97896}.Debug|Any CPU.ActiveCfg = Debug|Any CPU
		{9986974E-9ECE-47E1-A175-9F66F7C97896}.Debug|Any CPU.Build.0 = Debug|Any CPU
		{9986974E-9ECE-47E1-A175-9F66F7C97896}.Release|Any CPU.ActiveCfg = Release|Any CPU
		{9986974E-9ECE-47E1-A175-9F66F7C97896}.Release|Any CPU.Build.0 = Release|Any CPU
		{D2A220A1-F641-4B77-A77B-4E149CCE02C0}.Debug|Any CPU.ActiveCfg = Debug
		{D2A220A1-F641-4B77-A77B-4E149CCE02C0}.Release|Any CPU.ActiveCfg = Release
	EndGlobalSection
	GlobalSection(SolutionProperties) = preSolution
		HideSolutionNode = FALSE
	EndGlobalSection
	GlobalSection(ExtensibilityGlobals) = postSolution
		SolutionGuid = {684EC715-609E-48E8-BD59-FE37C3275363}
	EndGlobalSection
EndGlobal
